
Microsoft Visual Studio Solution File, Format Version 12.00
# Visual Studio Version 17
VisualStudioVersion = 17.14.36202.13 d17.14
MinimumVisualStudioVersion = 10.0.40219.1
Project("{FAE04EC0-301F-11D3-BF4B-00C04F79EFBC}") = "DAL", "DAL\DAL.csproj", "{B1C23934-E154-41CA-8607-AF726454D9F2}"
EndProject
Project("{FAE04EC0-301F-11D3-BF4B-00C04F79EFBC}") = "BL", "BL\BL.csproj", "{F54885CD-696E-4673-A014-8C70CB33D9E4}"
EndProject
Project("{FAE04EC0-301F-11D3-BF4B-00C04F79EFBC}") = "API", "API\API.csproj", "{095304F6-7693-42CF-B08E-BCDC4A2EF176}"
EndProject
Global
	GlobalSection(SolutionConfigurationPlatforms) = preSolution
		Debug|Any CPU = Debug|Any CPU
		Release|Any CPU = Release|Any CPU
	EndGlobalSection
	GlobalSection(ProjectConfigurationPlatforms) = postSolution
		{B1C23934-E154-41CA-8607-AF726454D9F2}.Debug|Any CPU.ActiveCfg = Debug|Any CPU
		{B1C23934-E154-41CA-8607-AF726454D9F2}.Debug|Any CPU.Build.0 = Debug|Any CPU
		{B1C23934-E154-41CA-8607-AF726454D9F2}.Release|Any CPU.ActiveCfg = Release|Any CPU
		{B1C23934-E154-41CA-8607-AF726454D9F2}.Release|Any CPU.Build.0 = Release|Any CPU
		{F54885CD-696E-4673-A014-8C70CB33D9E4}.Debug|Any CPU.ActiveCfg = Debug|Any CPU
		{F54885CD-696E-4673-A014-8C70CB33D9E4}.Debug|Any CPU.Build.0 = Debug|Any CPU
		{F54885CD-696E-4673-A014-8C70CB33D9E4}.Release|Any CPU.ActiveCfg = Release|Any CPU
		{F54885CD-696E-4673-A014-8C70CB33D9E4}.Release|Any CPU.Build.0 = Release|Any CPU
		{095304F6-7693-42CF-B08E-BCDC4A2EF176}.Debug|Any CPU.ActiveCfg = Debug|Any CPU
		{095304F6-7693-42CF-B08E-BCDC4A2EF176}.Debug|Any CPU.Build.0 = Debug|Any CPU
		{095304F6-7693-42CF-B08E-BCDC4A2EF176}.Release|Any CPU.ActiveCfg = Release|Any CPU
		{095304F6-7693-42CF-B08E-BCDC4A2EF176}.Release|Any CPU.Build.0 = Release|Any CPU
	EndGlobalSection
	GlobalSection(SolutionProperties) = preSolution
		HideSolutionNode = FALSE
	EndGlobalSection
	GlobalSection(ExtensibilityGlobals) = postSolution
		SolutionGuid = {9C923DC4-D7DF-455D-A0CC-AD5503E4E731}
	EndGlobalSection
EndGlobal
